{
  "requires": true,
  "lockfileVersion": 1,
  "dependencies": {
    "@nondanee/unblockneteasemusic": {
      "version": "0.24.1",
      "resolved": "https://registry.npmjs.org/@nondanee/unblockneteasemusic/-/unblockneteasemusic-0.24.1.tgz",
      "integrity": "sha512-47y5xzfWyRwxuWdZa1YXyu52zPIpfY5sjT7NSNJleisE7FX2nV/FIVdUTpFzTGSBktY3jgx7TSgXWiinRO/2TQ=="
    }
  }
}
